// !$*UTF8*$!
{
	archiveVersion = 1;
	classes = {
	};
	objectVersion = 50;
	objects = {

/* Begin PBXBuildFile section */
		C90AACE923FAF24E008E76B6 /* AppDelegate.swift in Sources */ = {isa = PBXBuildFile; fileRef = C90AACE823FAF24E008E76B6 /* AppDelegate.swift */; };
		C90AACEB23FAF24E008E76B6 /* ViewController.swift in Sources */ = {isa = PBXBuildFile; fileRef = C90AACEA23FAF24E008E76B6 /* ViewController.swift */; };
		C90AACEE23FAF24E008E76B6 /* Main.storyboard in Resources */ = {isa = PBXBuildFile; fileRef = C90AACEC23FAF24E008E76B6 /* Main.storyboard */; };
		C90AACF023FAF24F008E76B6 /* Assets.xcassets in Resources */ = {isa = PBXBuildFile; fileRef = C90AACEF23FAF24F008E76B6 /* Assets.xcassets */; };
		C90AACF323FAF24F008E76B6 /* LaunchScreen.storyboard in Resources */ = {isa = PBXBuildFile; fileRef = C90AACF123FAF24F008E76B6 /* LaunchScreen.storyboard */; };
		C924AA2D23FB02220092F7BA /* AddTextViewController.swift in Sources */ = {isa = PBXBuildFile; fileRef = C924AA2C23FB02220092F7BA /* AddTextViewController.swift */; };
		C924AA3123FB043D0092F7BA /* CustomTableViewCell.swift in Sources */ = {isa = PBXBuildFile; fileRef = C924AA3023FB043D0092F7BA /* CustomTableViewCell.swift */; };
		C924AA3523FB0A5F0092F7BA /* Word.swift in Sources */ = {isa = PBXBuildFile; fileRef = C924AA3423FB0A5F0092F7BA /* Word.swift */; };
/* End PBXBuildFile section */

/* Begin PBXFileReference section */
		C90AACE523FAF24E008E76B6 /* tableViewPractice.app */ = {isa = PBXFileReference; explicitFileType = wrapper.application; includeInIndex = 0; path = tableViewPractice.app; sourceTree = BUILT_PRODUCTS_DIR; };
		C90AACE823FAF24E008E76B6 /* AppDelegate.swift */ = {isa = PBXFileReference; lastKnownFileType = sourcecode.swift; path = AppDelegate.swift; sourceTree = "<group>"; };
		C90AACEA23FAF24E008E76B6 /* ViewController.swift */ = {isa = PBXFileReference; lastKnownFileType = sourcecode.swift; path = ViewController.swift; sourceTree = "<group>"; };
		C90AACED23FAF24E008E76B6 /* Base */ = {isa = PBXFileReference; lastKnownFileType = file.storyboard; name = Base; path = Base.lproj/Main.storyboard; sourceTree = "<group>"; };
		C90AACEF23FAF24F008E76B6 /* Assets.xcassets */ = {isa = PBXFileReference; lastKnownFileType = folder.assetcatalog; path = Assets.xcassets; sourceTree = "<group>"; };
		C90AACF223FAF24F008E76B6 /* Base */ = {isa = PBXFileReference; lastKnownFileType = file.storyboard; name = Base; path = Base.lproj/LaunchScreen.storyboard; sourceTree = "<group>"; };
		C90AACF423FAF24F008E76B6 /* Info.plist */ = {isa = PBXFileReference; lastKnownFileType = text.plist.xml; path = Info.plist; sourceTree = "<group>"; };
		C924AA2C23FB02220092F7BA /* AddTextViewController.swift */ = {isa = PBXFileReference; lastKnownFileType = sourcecode.swift; path = AddTextViewController.swift; sourceTree = "<group>"; };
		C924AA3023FB043D0092F7BA /* CustomTableViewCell.swift */ = {isa = PBXFileReference; lastKnownFileType = sourcecode.swift; path = CustomTableViewCell.swift; sourceTree = "<group>"; };
		C924AA3423FB0A5F0092F7BA /* Word.swift */ = {isa = PBXFileReference; lastKnownFileType = sourcecode.swift; path = Word.swift; sourceTree = "<group>"; };
/* End PBXFileReference section */

/* Begin PBXFrameworksBuildPhase section */
		C90AACE223FAF24E008E76B6 /* Frameworks */ = {
			isa = PBXFrameworksBuildPhase;
			buildActionMask = 2147483647;
			files = (
			);
			runOnlyForDeploymentPostprocessing = 0;
		};
/* End PBXFrameworksBuildPhase section */

/* Begin PBXGroup section */
		C90AACDC23FAF24E008E76B6 = {
			isa = PBXGroup;
			children = (
				C90AACE723FAF24E008E76B6 /* tableViewPractice */,
				C90AACE623FAF24E008E76B6 /* Products */,
			);
			sourceTree = "<group>";
		};
		C90AACE623FAF24E008E76B6 /* Products */ = {
			isa = PBXGroup;
			children = (
				C90AACE523FAF24E008E76B6 /* tableViewPractice.app */,
			);
			name = Products;
			sourceTree = "<group>";
		};
		C90AACE723FAF24E008E76B6 /* tableViewPractice */ = {
			isa = PBXGroup;
			children = (
				C90AACE823FAF24E008E76B6 /* AppDelegate.swift */,
				C90AACEC23FAF24E008E76B6 /* Main.storyboard */,
				C90AACEF23FAF24F008E76B6 /* Assets.xcassets */,
				C90AACF123FAF24F008E76B6 /* LaunchScreen.storyboard */,
				C90AACF423FAF24F008E76B6 /* Info.plist */,
				C90AACEA23FAF24E008E76B6 /* ViewController.swift */,
				C924AA2C23FB02220092F7BA /* AddTextViewController.swift */,
				C924AA3023FB043D0092F7BA /* CustomTableViewCell.swift */,
				C924AA3423FB0A5F0092F7BA /* Word.swift */,
			);
			path = tableViewPractice;
			sourceTree = "<group>";
		};
/* End PBXGroup section */

/* Begin PBXNativeTarget section */
		C90AACE423FAF24E008E76B6 /* tableViewPractice */ = {
			isa = PBXNativeTarget;
			buildConfigurationList = C90AACF723FAF24F008E76B6 /* Build configuration list for PBXNativeTarget "tableViewPractice" */;
			buildPhases = (
				C90AACE123FAF24E008E76B6 /* Sources */,
				C90AACE223FAF24E008E76B6 /* Frameworks */,
				C90AACE323FAF24E008E76B6 /* Resources */,
			);
			buildRules = (
			);
			dependencies = (
			);
			name = tableViewPractice;
			productName = tableViewPractice;
			productReference = C90AACE523FAF24E008E76B6 /* tableViewPractice.app */;
			productType = "com.apple.product-type.application";
		};
/* End PBXNativeTarget section */

/* Begin PBXProject section */
		C90AACDD23FAF24E008E76B6 /* Project object */ = {
			isa = PBXProject;
			attributes = {
				LastSwiftUpdateCheck = 1030;
				LastUpgradeCheck = 1030;
				ORGANIZATIONNAME = "Matthew Martindale";
				TargetAttributes = {
					C90AACE423FAF24E008E76B6 = {
						CreatedOnToolsVersion = 10.3;
					};
				};
			};
			buildConfigurationList = C90AACE023FAF24E008E76B6 /* Build configuration list for PBXProject "tableViewPractice" */;
			compatibilityVersion = "Xcode 9.3";
			developmentRegion = en;
			hasScannedForEncodings = 0;
			knownRegions = (
				en,
				Base,
			);
			mainGroup = C90AACDC23FAF24E008E76B6;
			productRefGroup = C90AACE623FAF24E008E76B6 /* Products */;
			projectDirPath = "";
			projectRoot = "";
			targets = (
				C90AACE423FAF24E008E76B6 /* tableViewPractice */,
			);
		};
/* End PBXProject section */

/* Begin PBXResourcesBuildPhase section */
		C90AACE323FAF24E008E76B6 /* Resources */ = {
			isa = PBXResourcesBuildPhase;
			buildActionMask = 2147483647;
			files = (
				C90AACF323FAF24F008E76B6 /* LaunchScreen.storyboard in Resources */,
				C90AACF023FAF24F008E76B6 /* Assets.xcassets in Resources */,
				C90AACEE23FAF24E008E76B6 /* Main.storyboard in Resources */,
			);
			runOnlyForDeploymentPostprocessing = 0;
		};
/* End PBXResourcesBuildPhase section */

/* Begin PBXSourcesBuildPhase section */
		C90AACE123FAF24E008E76B6 /* Sources */ = {
			isa = PBXSourcesBuildPhase;
			buildActionMask = 2147483647;
			files = (
				C924AA3523FB0A5F0092F7BA /* Word.swift in Sources */,
				C90AACEB23FAF24E008E76B6 /* ViewController.swift in Sources */,
				C90AACE923FAF24E008E76B6 /* AppDelegate.swift in Sources */,
				C924AA3123FB043D0092F7BA /* CustomTableViewCell.swift in Sources */,
				C924AA2D23FB02220092F7BA /* AddTextViewController.swift in Sources */,
			);
			runOnlyForDeploymentPostprocessing = 0;
		};
/* End PBXSourcesBuildPhase section */

/* Begin PBXVariantGroup section */
		C90AACEC23FAF24E008E76B6 /* Main.storyboard */ = {
			isa = PBXVariantGroup;
			children = (
				C90AACED23FAF24E008E76B6 /* Base */,
			);
			name = Main.storyboard;
			sourceTree = "<group>";
		};
		C90AACF123FAF24F008E76B6 /* LaunchScreen.storyboard */ = {
			isa = PBXVariantGroup;
			children = (
				C90AACF223FAF24F008E76B6 /* Base */,
			);
			name = LaunchScreen.storyboard;
			sourceTree = "<group>";
		};
/* End PBXVariantGroup section */

/* Begin XCBuildConfiguration section */
		C90AACF523FAF24F008E76B6 /* Debug */ = {
			isa = XCBuildConfiguration;
			buildSettings = {
				ALWAYS_SEARCH_USER_PATHS = NO;
				CLANG_ANALYZER_NONNULL = YES;
				CLANG_ANALYZER_NUMBER_OBJECT_CONVERSION = YES_AGGRESSIVE;
				CLANG_CXX_LANGUAGE_STANDARD = "gnu++14";
				CLANG_CXX_LIBRARY = "libc++";
				CLANG_ENABLE_MODULES = YES;
				CLANG_ENABLE_OBJC_ARC = YES;
				CLANG_ENABLE_OBJC_WEAK = YES;
				CLANG_WARN_BLOCK_CAPTURE_AUTORELEASING = YES;
				CLANG_WARN_BOOL_CONVERSION = YES;
				CLANG_WARN_COMMA = YES;
				CLANG_WARN_CONSTANT_CONVERSION = YES;
				CLANG_WARN_DEPRECATED_OBJC_IMPLEMENTATIONS = YES;
				CLANG_WARN_DIRECT_OBJC_ISA_USAGE = YES_ERROR;
				CLANG_WARN_DOCUMENTATION_COMMENTS = YES;
				CLANG_WARN_EMPTY_BODY = YES;
				CLANG_WARN_ENUM_CONVERSION = YES;
				CLANG_WARN_INFINITE_RECURSION = YES;
				CLANG_WARN_INT_CONVERSION = YES;
				CLANG_WARN_NON_LITERAL_NULL_CONVERSION = YES;
				CLANG_WARN_OBJC_IMPLICIT_RETAIN_SELF = YES;
				CLANG_WARN_OBJC_LITERAL_CONVERSION = YES;
				CLANG_WARN_OBJC_ROOT_CLASS = YES_ERROR;
				CLANG_WARN_RANGE_LOOP_ANALYSIS = YES;
				CLANG_WARN_STRICT_PROTOTYPES = YES;
				CLANG_WARN_SUSPICIOUS_MOVE = YES;
				CLANG_WARN_UNGUARDED_AVAILABILITY = YES_AGGRESSIVE;
				CLANG_WARN_UNREACHABLE_CODE = YES;
				CLANG_WARN__DUPLICATE_METHOD_MATCH = YES;
				CODE_SIGN_IDENTITY = "iPhone Developer";
				COPY_PHASE_STRIP = NO;
				DEBUG_INFORMATION_FORMAT = dwarf;
				ENABLE_STRICT_OBJC_MSGSEND = YES;
				ENABLE_TESTABILITY = YES;
				GCC_C_LANGUAGE_STANDARD = gnu11;
				GCC_DYNAMIC_NO_PIC = NO;
				GCC_NO_COMMON_BLOCKS = YES;
				GCC_OPTIMIZATION_LEVEL = 0;
				GCC_PREPROCESSOR_DEFINITIONS = (
					"DEBUG=1",
					"$(inherited)",
				);
				GCC_WARN_64_TO_32_BIT_CONVERSION = YES;
				GCC_WARN_ABOUT_RETURN_TYPE = YES_ERROR;
				GCC_WARN_UNDECLARED_SELECTOR = YES;
				GCC_WARN_UNINITIALIZED_AUTOS = YES_AGGRESSIVE;
				GCC_WARN_UNUSED_FUNCTION = YES;
				GCC_WARN_UNUSED_VARIABLE = YES;
				IPHONEOS_DEPLOYMENT_TARGET = 12.4;
				MTL_ENABLE_DEBUG_INFO = INCLUDE_SOURCE;
				MTL_FAST_MATH = YES;
				ONLY_ACTIVE_ARCH = YES;
				SDKROOT = iphoneos;
				SWIFT_ACTIVE_COMPILATION_CONDITIONS = DEBUG;
				SWIFT_OPTIMIZATION_LEVEL = "-Onone";
			};
			name = Debug;
		};
		C90AACF623FAF24F008E76B6 /* Release */ = {
			isa = XCBuildConfiguration;
			buildSettings = {
				ALWAYS_SEARCH_USER_PATHS = NO;
				CLANG_ANALYZER_NONNULL = YES;
				CLANG_ANALYZER_NUMBER_OBJECT_CONVERSION = YES_AGGRESSIVE;
				CLANG_CXX_LANGUAGE_STANDARD = "gnu++14";
				CLANG_CXX_LIBRARY = "libc++";
				CLANG_ENABLE_MODULES = YES;
				CLANG_ENABLE_OBJC_ARC = YES;
				CLANG_ENABLE_OBJC_WEAK = YES;
				CLANG_WARN_BLOCK_CAPTURE_AUTORELEASING = YES;
				CLANG_WARN_BOOL_CONVERSION = YES;
				CLANG_WARN_COMMA = YES;
				CLANG_WARN_CONSTANT_CONVERSION = YES;
				CLANG_WARN_DEPRECATED_OBJC_IMPLEMENTATIONS = YES;
				CLANG_WARN_DIRECT_OBJC_ISA_USAGE = YES_ERROR;
				CLANG_WARN_DOCUMENTATION_COMMENTS = YES;
				CLANG_WARN_EMPTY_BODY = YES;
				CLANG_WARN_ENUM_CONVERSION = YES;
				CLANG_WARN_INFINITE_RECURSION = YES;
				CLANG_WARN_INT_CONVERSION = YES;
				CLANG_WARN_NON_LITERAL_NULL_CONVERSION = YES;
				CLANG_WARN_OBJC_IMPLICIT_RETAIN_SELF = YES;
				CLANG_WARN_OBJC_LITERAL_CONVERSION = YES;
				CLANG_WARN_OBJC_ROOT_CLASS = YES_ERROR;
				CLANG_WARN_RANGE_LOOP_ANALYSIS = YES;
				CLANG_WARN_STRICT_PROTOTYPES = YES;
				CLANG_WARN_SUSPICIOUS_MOVE = YES;
				CLANG_WARN_UNGUARDED_AVAILABILITY = YES_AGGRESSIVE;
				CLANG_WARN_UNREACHABLE_CODE = YES;
				CLANG_WARN__DUPLICATE_METHOD_MATCH = YES;
				CODE_SIGN_IDENTITY = "iPhone Developer";
				COPY_PHASE_STRIP = NO;
				DEBUG_INFORMATION_FORMAT = "dwarf-with-dsym";
				ENABLE_NS_ASSERTIONS = NO;
				ENABLE_STRICT_OBJC_MSGSEND = YES;
				GCC_C_LANGUAGE_STANDARD = gnu11;
				GCC_NO_COMMON_BLOCKS = YES;
				GCC_WARN_64_TO_32_BIT_CONVERSION = YES;
				GCC_WARN_ABOUT_RETURN_TYPE = YES_ERROR;
				GCC_WARN_UNDECLARED_SELECTOR = YES;
				GCC_WARN_UNINITIALIZED_AUTOS = YES_AGGRESSIVE;
				GCC_WARN_UNUSED_FUNCTION = YES;
				GCC_WARN_UNUSED_VARIABLE = YES;
				IPHONEOS_DEPLOYMENT_TARGET = 12.4;
				MTL_ENABLE_DEBUG_INFO = NO;
				MTL_FAST_MATH = YES;
				SDKROOT = iphoneos;
				SWIFT_COMPILATION_MODE = wholemodule;
				SWIFT_OPTIMIZATION_LEVEL = "-O";
				VALIDATE_PRODUCT = YES;
			};
			name = Release;
		};
		C90AACF823FAF24F008E76B6 /* Debug */ = {
			isa = XCBuildConfiguration;
			buildSettings = {
				ASSETCATALOG_COMPILER_APPICON_NAME = AppIcon;
				CODE_SIGN_STYLE = Automatic;
				INFOPLIST_FILE = tableViewPractice/Info.plist;
				LD_RUNPATH_SEARCH_PATHS = (
					"$(inherited)",
					"@executable_path/Frameworks",
				);
				PRODUCT_BUNDLE_IDENTIFIER = com.mattmartindale.tableViewPractice;
				PRODUCT_NAME = "$(TARGET_NAME)";
				SWIFT_VERSION = 5.0;
				TARGETED_DEVICE_FAMILY = "1,2";
			};
			name = Debug;
		};
		C90AACF923FAF24F008E76B6 /* Release */ = {
			isa = XCBuildConfiguration;
			buildSettings = {
				ASSETCATALOG_COMPILER_APPICON_NAME = AppIcon;
				CODE_SIGN_STYLE = Automatic;
				INFOPLIST_FILE = tableViewPractice/Info.plist;
				LD_RUNPATH_SEARCH_PATHS = (
					"$(inherited)",
					"@executable_path/Frameworks",
				);
				PRODUCT_BUNDLE_IDENTIFIER = com.mattmartindale.tableViewPractice;
				PRODUCT_NAME = "$(TARGET_NAME)";
				SWIFT_VERSION = 5.0;
				TARGETED_DEVICE_FAMILY = "1,2";
			};
			name = Release;
		};
/* End XCBuildConfiguration section */

/* Begin XCConfigurationList section */
		C90AACE023FAF24E008E76B6 /* Build configuration list for PBXProject "tableViewPractice" */ = {
			isa = XCConfigurationList;
			buildConfigurations = (
				C90AACF523FAF24F008E76B6 /* Debug */,
				C90AACF623FAF24F008E76B6 /* Release */,
			);
			defaultConfigurationIsVisible = 0;
			defaultConfigurationName = Release;
		};
		C90AACF723FAF24F008E76B6 /* Build configuration list for PBXNativeTarget "tableViewPractice" */ = {
			isa = XCConfigurationList;
			buildConfigurations = (
				C90AACF823FAF24F008E76B6 /* Debug */,
				C90AACF923FAF24F008E76B6 /* Release */,
			);
			defaultConfigurationIsVisible = 0;
			defaultConfigurationName = Release;
		};
/* End XCConfigurationList section */
	};
	rootObject = C90AACDD23FAF24E008E76B6 /* Project object */;
}
